
Microsoft Visual Studio Solution File, Format Version 12.00
# Visual Studio Version 16
VisualStudioVersion = 16.0.29009.5
MinimumVisualStudioVersion = 10.0.40219.1
Project("{FAE04EC0-301F-11D3-BF4B-00C04F79EFBC}") = "Aplikacja testowa", "Aplikacja testowa\Aplikacja testowa.csproj", "{731F80C2-2CFB-4E5A-8600-1B96CF7DFD6F}"
EndProject
Global
	GlobalSection(SolutionConfigurationPlatforms) = preSolution
		Debug|Any CPU = Debug|Any CPU
		Release|Any CPU = Release|Any CPU
	EndGlobalSection
	GlobalSection(ProjectConfigurationPlatforms) = postSolution
		{731F80C2-2CFB-4E5A-8600-1B96CF7DFD6F}.Debug|Any CPU.ActiveCfg = Debug|Any CPU
		{731F80C2-2CFB-4E5A-8600-1B96CF7DFD6F}.Debug|Any CPU.Build.0 = Debug|Any CPU
		{731F80C2-2CFB-4E5A-8600-1B96CF7DFD6F}.Release|Any CPU.ActiveCfg = Release|Any CPU
		{731F80C2-2CFB-4E5A-8600-1B96CF7DFD6F}.Release|Any CPU.Build.0 = Release|Any CPU
	EndGlobalSection
	GlobalSection(SolutionProperties) = preSolution
		HideSolutionNode = FALSE
	EndGlobalSection
	GlobalSection(ExtensibilityGlobals) = postSolution
		SolutionGuid = {12D83038-6420-44D7-B418-DE6BF7D39899}
	EndGlobalSection
EndGlobal
